
Microsoft Visual Studio Solution File, Format Version 12.00
# Visual Studio Version 16
VisualStudioVersion = 16.0.33529.622
MinimumVisualStudioVersion = 10.0.40219.1
Project("{9A19103F-16F7-4668-BE54-9A1E7A4F7556}") = "TestinGList", "TestinGList.csproj", "{53951AB5-BEBE-418C-A0A2-D47B04666244}"
EndProject
Project("{FAE04EC0-301F-11D3-BF4B-00C04F79EFBC}") = "AddNameTest", "..\AddNameTest\AddNameTest.csproj", "{B5ACADE0-9F1A-44C9-BC8A-2F8882777363}"
EndProject
Global
	GlobalSection(SolutionConfigurationPlatforms) = preSolution
		Debug|Any CPU = Debug|Any CPU
		Release|Any CPU = Release|Any CPU
	EndGlobalSection
	GlobalSection(ProjectConfigurationPlatforms) = postSolution
		{53951AB5-BEBE-418C-A0A2-D47B04666244}.Debug|Any CPU.ActiveCfg = Debug|Any CPU
		{53951AB5-BEBE-418C-A0A2-D47B04666244}.Debug|Any CPU.Build.0 = Debug|Any CPU
		{53951AB5-BEBE-418C-A0A2-D47B04666244}.Release|Any CPU.ActiveCfg = Release|Any CPU
		{53951AB5-BEBE-418C-A0A2-D47B04666244}.Release|Any CPU.Build.0 = Release|Any CPU
		{B5ACADE0-9F1A-44C9-BC8A-2F8882777363}.Debug|Any CPU.ActiveCfg = Debug|Any CPU
		{B5ACADE0-9F1A-44C9-BC8A-2F8882777363}.Debug|Any CPU.Build.0 = Debug|Any CPU
		{B5ACADE0-9F1A-44C9-BC8A-2F8882777363}.Release|Any CPU.ActiveCfg = Release|Any CPU
		{B5ACADE0-9F1A-44C9-BC8A-2F8882777363}.Release|Any CPU.Build.0 = Release|Any CPU
	EndGlobalSection
	GlobalSection(SolutionProperties) = preSolution
		HideSolutionNode = FALSE
	EndGlobalSection
	GlobalSection(ExtensibilityGlobals) = postSolution
		SolutionGuid = {4E9BBE32-7699-49DA-8748-8716163E576F}
	EndGlobalSection
EndGlobal
